
Microsoft Visual Studio Solution File, Format Version 12.00
# Visual Studio Version 17
VisualStudioVersion = 17.5.33414.496
MinimumVisualStudioVersion = 10.0.40219.1
Project("{FAE04EC0-301F-11D3-BF4B-00C04F79EFBC}") = "Lab_ComponentPartialView", "Lab_ComponentPartialView\Lab_ComponentPartialView.csproj", "{0F850197-3365-4463-A5B5-7038C7E7D7F4}"
EndProject
Global
	GlobalSection(SolutionConfigurationPlatforms) = preSolution
		Debug|Any CPU = Debug|Any CPU
		Release|Any CPU = Release|Any CPU
	EndGlobalSection
	GlobalSection(ProjectConfigurationPlatforms) = postSolution
		{0F850197-3365-4463-A5B5-7038C7E7D7F4}.Debug|Any CPU.ActiveCfg = Debug|Any CPU
		{0F850197-3365-4463-A5B5-7038C7E7D7F4}.Debug|Any CPU.Build.0 = Debug|Any CPU
		{0F850197-3365-4463-A5B5-7038C7E7D7F4}.Release|Any CPU.ActiveCfg = Release|Any CPU
		{0F850197-3365-4463-A5B5-7038C7E7D7F4}.Release|Any CPU.Build.0 = Release|Any CPU
	EndGlobalSection
	GlobalSection(SolutionProperties) = preSolution
		HideSolutionNode = FALSE
	EndGlobalSection
	GlobalSection(ExtensibilityGlobals) = postSolution
		SolutionGuid = {8CDFA22E-C474-4710-A674-49603F392722}
	EndGlobalSection
EndGlobal
